
Microsoft Visual Studio Solution File, Format Version 12.00
# Visual Studio 15
VisualStudioVersion = 15.0.27130.2010
MinimumVisualStudioVersion = 10.0.40219.1
Project("{FAE04EC0-301F-11D3-BF4B-00C04F79EFBC}") = "SysEcommerce", "SysEcommerce\SysEcommerce.csproj", "{C299D494-E747-4A47-B7B0-EC6DC2706501}"
EndProject
Project("{FAE04EC0-301F-11D3-BF4B-00C04F79EFBC}") = "LayerPresentation", "LayerPresentation\LayerPresentation.csproj", "{7335A27A-6C38-47FA-A368-D45863F4C0E9}"
EndProject
Project("{FAE04EC0-301F-11D3-BF4B-00C04F79EFBC}") = "LayerBusiness", "LayerBusiness\LayerBusiness.csproj", "{3B6D72A1-F02C-4C31-8EED-311623C850E5}"
EndProject
Project("{FAE04EC0-301F-11D3-BF4B-00C04F79EFBC}") = "LayerData", "LayerData\LayerData.csproj", "{084CBEFE-2E23-488D-81A5-129F9AF93B13}"
EndProject
Global
	GlobalSection(SolutionConfigurationPlatforms) = preSolution
		Debug|Any CPU = Debug|Any CPU
		Release|Any CPU = Release|Any CPU
	EndGlobalSection
	GlobalSection(ProjectConfigurationPlatforms) = postSolution
		{C299D494-E747-4A47-B7B0-EC6DC2706501}.Debug|Any CPU.ActiveCfg = Debug|Any CPU
		{C299D494-E747-4A47-B7B0-EC6DC2706501}.Debug|Any CPU.Build.0 = Debug|Any CPU
		{C299D494-E747-4A47-B7B0-EC6DC2706501}.Release|Any CPU.ActiveCfg = Release|Any CPU
		{C299D494-E747-4A47-B7B0-EC6DC2706501}.Release|Any CPU.Build.0 = Release|Any CPU
		{7335A27A-6C38-47FA-A368-D45863F4C0E9}.Debug|Any CPU.ActiveCfg = Debug|Any CPU
		{7335A27A-6C38-47FA-A368-D45863F4C0E9}.Debug|Any CPU.Build.0 = Debug|Any CPU
		{7335A27A-6C38-47FA-A368-D45863F4C0E9}.Release|Any CPU.ActiveCfg = Release|Any CPU
		{7335A27A-6C38-47FA-A368-D45863F4C0E9}.Release|Any CPU.Build.0 = Release|Any CPU
		{3B6D72A1-F02C-4C31-8EED-311623C850E5}.Debug|Any CPU.ActiveCfg = Debug|Any CPU
		{3B6D72A1-F02C-4C31-8EED-311623C850E5}.Debug|Any CPU.Build.0 = Debug|Any CPU
		{3B6D72A1-F02C-4C31-8EED-311623C850E5}.Release|Any CPU.ActiveCfg = Release|Any CPU
		{3B6D72A1-F02C-4C31-8EED-311623C850E5}.Release|Any CPU.Build.0 = Release|Any CPU
		{084CBEFE-2E23-488D-81A5-129F9AF93B13}.Debug|Any CPU.ActiveCfg = Debug|Any CPU
		{084CBEFE-2E23-488D-81A5-129F9AF93B13}.Debug|Any CPU.Build.0 = Debug|Any CPU
		{084CBEFE-2E23-488D-81A5-129F9AF93B13}.Release|Any CPU.ActiveCfg = Release|Any CPU
		{084CBEFE-2E23-488D-81A5-129F9AF93B13}.Release|Any CPU.Build.0 = Release|Any CPU
	EndGlobalSection
	GlobalSection(SolutionProperties) = preSolution
		HideSolutionNode = FALSE
	EndGlobalSection
	GlobalSection(ExtensibilityGlobals) = postSolution
		SolutionGuid = {B63F892F-46B2-4B7E-8020-3465C39DF409}
	EndGlobalSection
EndGlobal
